
Microsoft Visual Studio Solution File, Format Version 12.00
# Visual Studio Version 17
VisualStudioVersion = 17.0.32014.148
MinimumVisualStudioVersion = 10.0.40219.1
Project("{FAE04EC0-301F-11D3-BF4B-00C04F79EFBC}") = "Locadora", "Locadora.csproj", "{DD7C3A98-91FE-40DD-B990-6A9880C2FB30}"
EndProject
Global
	GlobalSection(SolutionConfigurationPlatforms) = preSolution
		Debug|Any CPU = Debug|Any CPU
		Release|Any CPU = Release|Any CPU
	EndGlobalSection
	GlobalSection(ProjectConfigurationPlatforms) = postSolution
		{DD7C3A98-91FE-40DD-B990-6A9880C2FB30}.Debug|Any CPU.ActiveCfg = Debug|Any CPU
		{DD7C3A98-91FE-40DD-B990-6A9880C2FB30}.Debug|Any CPU.Build.0 = Debug|Any CPU
		{DD7C3A98-91FE-40DD-B990-6A9880C2FB30}.Release|Any CPU.ActiveCfg = Release|Any CPU
		{DD7C3A98-91FE-40DD-B990-6A9880C2FB30}.Release|Any CPU.Build.0 = Release|Any CPU
	EndGlobalSection
	GlobalSection(SolutionProperties) = preSolution
		HideSolutionNode = FALSE
	EndGlobalSection
	GlobalSection(ExtensibilityGlobals) = postSolution
		SolutionGuid = {C8A5EBBB-4BA2-47EC-B0F6-397477F32BD5}
	EndGlobalSection
EndGlobal
